
Microsoft Visual Studio Solution File, Format Version 12.00
# Visual Studio Version 17
VisualStudioVersion = 17.5.002.0
MinimumVisualStudioVersion = 10.0.40219.1
Project("{9A19103F-16F7-4668-BE54-9A1E7A4F7556}") = "Task43", "Task43\Task43.csproj", "{1B6DB3BE-062C-4EF3-AB88-F943FB2AD0F4}"
EndProject
Project("{9A19103F-16F7-4668-BE54-9A1E7A4F7556}") = "Task41", "Task41\Task41.csproj", "{4CB8AEA9-66BE-45EA-9F4D-78066B95F176}"
EndProject
Global
	GlobalSection(SolutionConfigurationPlatforms) = preSolution
		Debug|Any CPU = Debug|Any CPU
		Release|Any CPU = Release|Any CPU
	EndGlobalSection
	GlobalSection(ProjectConfigurationPlatforms) = postSolution
		{1B6DB3BE-062C-4EF3-AB88-F943FB2AD0F4}.Debug|Any CPU.ActiveCfg = Debug|Any CPU
		{1B6DB3BE-062C-4EF3-AB88-F943FB2AD0F4}.Debug|Any CPU.Build.0 = Debug|Any CPU
		{1B6DB3BE-062C-4EF3-AB88-F943FB2AD0F4}.Release|Any CPU.ActiveCfg = Release|Any CPU
		{1B6DB3BE-062C-4EF3-AB88-F943FB2AD0F4}.Release|Any CPU.Build.0 = Release|Any CPU
		{4CB8AEA9-66BE-45EA-9F4D-78066B95F176}.Debug|Any CPU.ActiveCfg = Debug|Any CPU
		{4CB8AEA9-66BE-45EA-9F4D-78066B95F176}.Debug|Any CPU.Build.0 = Debug|Any CPU
		{4CB8AEA9-66BE-45EA-9F4D-78066B95F176}.Release|Any CPU.ActiveCfg = Release|Any CPU
		{4CB8AEA9-66BE-45EA-9F4D-78066B95F176}.Release|Any CPU.Build.0 = Release|Any CPU
	EndGlobalSection
	GlobalSection(SolutionProperties) = preSolution
		HideSolutionNode = FALSE
	EndGlobalSection
	GlobalSection(ExtensibilityGlobals) = postSolution
		SolutionGuid = {6D8D6E77-55C5-497D-B094-EFB86FB9B5AF}
	EndGlobalSection
EndGlobal
